{
  "name": "@tomato-node/fs",
  "version": "0.0.6",
  "lockfileVersion": 1,
  "requires": true,
  "dependencies": {
    "@tomato-js/shared": {
      "version": "0.0.22",
      "resolved": "https://registry.npmjs.org/@tomato-js/shared/-/shared-0.0.22.tgz",
      "integrity": "sha512-jYWwIBJR7lkPVTHpHjT1bqJhFqvwm5DuhJX8JCe95EjXa1rmT5hsO3i+2hkQmSAkFfrQXsuBvQGo8eR1M3l5vg=="
    }
  }
}
